<?xml version="1.0" encoding="utf-8"?>
<Project ToolsVersion="4.0" xmlns="http://schemas.microsoft.com/developer/msbuild/2003">
  <ItemGroup>
    <Filter Include="Resource Files">
      <UniqueIdentifier>{1a913106-0be0-4476-b0ce-2aa855072614}</UniqueIdentifier>
      <Extensions>ico;cur;bmp;dlg;rc2;rct;bin;cnt;rtf;gif;jpg;jpeg;jpe</Extensions>
    </Filter>
    <Filter Include="MFC">
      <UniqueIdentifier>{da904ee8-7f59-4a6c-b3ff-b91b6fb6d0ea}</UniqueIdentifier>
    </Filter>
    <Filter Include="GameLibrary">
      <UniqueIdentifier>{df7aa532-3fdf-46a0-b3fc-8f5922e8d9e4}</UniqueIdentifier>
    </Filter>
    <Filter Include="MyGame">
      <UniqueIdentifier>{0c798913-b7d2-4e26-8241-0f83266cd626}</UniqueIdentifier>
    </Filter>
    <Filter Include="MyGame\Raiden">
      <UniqueIdentifier>{5eadd975-ae6f-4427-a91a-691c633f3f1a}</UniqueIdentifier>
    </Filter>
    <Filter Include="MyGame\Raiden\Background">
      <UniqueIdentifier>{14e497c9-6f6b-4ddc-be16-523014433c59}</UniqueIdentifier>
    </Filter>
    <Filter Include="MyGame\Raiden\BossBrazil">
      <UniqueIdentifier>{16b313fe-98c2-4c11-bb80-fc0c540ce0fc}</UniqueIdentifier>
    </Filter>
    <Filter Include="MyGame\Raiden\BossJapan">
      <UniqueIdentifier>{f948e0ad-840f-43e4-9b76-89947f6f911f}</UniqueIdentifier>
    </Filter>
    <Filter Include="MyGame\Raiden\BossUSA">
      <UniqueIdentifier>{1bc6bcb7-bba2-44c5-a964-9a3cc9c5841d}</UniqueIdentifier>
    </Filter>
    <Filter Include="MyGame\Raiden\Fighter">
      <UniqueIdentifier>{74d2d912-8ce9-463e-a579-ba17955e510c}</UniqueIdentifier>
    </Filter>
    <Filter Include="MyGame\Raiden\Player">
      <UniqueIdentifier>{864dd87f-6607-43e2-8efe-b529a4e13b8d}</UniqueIdentifier>
    </Filter>
    <Filter Include="MyGame\Raiden\Stage">
      <UniqueIdentifier>{fcedd1cd-113b-493b-a81a-42e924807af1}</UniqueIdentifier>
    </Filter>
    <Filter Include="MyGame\Raiden\StageBrazil">
      <UniqueIdentifier>{894919e8-7876-4129-8cd1-9cfa9d7ba12c}</UniqueIdentifier>
    </Filter>
    <Filter Include="MyGame\Raiden\StageJapan">
      <UniqueIdentifier>{dffa17eb-0162-43fb-9d20-6cffb94a2688}</UniqueIdentifier>
    </Filter>
    <Filter Include="MyGame\Raiden\StageUSA">
      <UniqueIdentifier>{9aa674eb-0726-47e0-afe1-f45516e94826}</UniqueIdentifier>
    </Filter>
    <Filter Include="MyGame\Raiden\StatusPanel">
      <UniqueIdentifier>{f523ed6e-b6a9-4152-85f0-06f5283dd6ea}</UniqueIdentifier>
    </Filter>
    <Filter Include="MyGame\Raiden\Key">
      <UniqueIdentifier>{488c6d75-f092-42ec-aade-8929c805e3f5}</UniqueIdentifier>
    </Filter>
    <Filter Include="MyGame\Raiden\Boss">
      <UniqueIdentifier>{7a50e654-0337-4f10-924d-93f261e84009}</UniqueIdentifier>
    </Filter>
    <Filter Include="MyGame\Raiden\StageManager">
      <UniqueIdentifier>{8f77286a-3f48-4636-b5f2-c225602f9c4d}</UniqueIdentifier>
    </Filter>
    <Filter Include="MyGame\Raiden\TextGraphics">
      <UniqueIdentifier>{93aba92d-2733-4ef1-8e38-fd9e94e0a417}</UniqueIdentifier>
    </Filter>
    <Filter Include="MyGame\Raiden\CollisionBox">
      <UniqueIdentifier>{fa8a6fd7-f2be-48e8-a9de-6214fae2013a}</UniqueIdentifier>
    </Filter>
    <Filter Include="MyGame\Raiden\GameObjectPool">
      <UniqueIdentifier>{03407798-2f88-47d1-8bcb-9ff90ad246cb}</UniqueIdentifier>
    </Filter>
    <Filter Include="MyGame\Raiden\Xml">
      <UniqueIdentifier>{65ad3199-3332-48a4-a3d0-7f7e9a814067}</UniqueIdentifier>
    </Filter>  
    <Filter Include="MyGame\Raiden\Bullet">
      <UniqueIdentifier>{d8daae60-e242-4d00-8752-5e152709c9d7}</UniqueIdentifier>
    </Filter>
    <Filter Include="MyGame\Raiden\Collidable">
      <UniqueIdentifier>{aea2ea51-c9a5-4288-a532-dbf8eb81f195}</UniqueIdentifier>
    </Filter>
    <Filter Include="MyGame\Raiden\Control">
      <UniqueIdentifier>{0e8e3466-1b5d-434e-86ec-fd66d0f9fece}</UniqueIdentifier>
    </Filter>
    <Filter Include="MyGame\Raiden\State">
      <UniqueIdentifier>{942bbf59-1e21-4ee0-ad68-6d570d730f16}</UniqueIdentifier>
    </Filter>
    <Filter Include="MyGame\Raiden\RunningState">
      <UniqueIdentifier>{c6c37e91-d0a6-48fa-bb10-0b4cc9fb6097}</UniqueIdentifier>
    </Filter>
    <Filter Include="MyGame\Raiden\SelectControlState">
      <UniqueIdentifier>{eaa2d6a3-e7a7-4d11-81fe-c74b906b9ace}</UniqueIdentifier>
    </Filter>
    <Filter Include="MyGame\Raiden\StateManager">
      <UniqueIdentifier>{82520d74-4828-42a9-be70-e74c95ae6dc2}</UniqueIdentifier>
    </Filter>
  </ItemGroup>
  <ItemGroup>
    <None Include="RES\GAME.RC2">
      <Filter>Resource Files</Filter>
    </None>
  </ItemGroup>
  <ItemGroup>
    <ClCompile Include="Source\Library\audio.cpp">
      <Filter>GameLibrary</Filter>
    </ClCompile>
    <ClCompile Include="Source\Library\gamecore.cpp">
      <Filter>GameLibrary</Filter>
    </ClCompile>
    <ClCompile Include="Source\Library\gameutil.cpp">
      <Filter>GameLibrary</Filter>
    </ClCompile>
    <ClCompile Include="Source\Core\game.cpp">
      <Filter>MFC</Filter>
    </ClCompile>
    <ClCompile Include="Source\Core\gameDoc.cpp">
      <Filter>MFC</Filter>
    </ClCompile>
    <ClCompile Include="Source\Core\gameView.cpp">
      <Filter>MFC</Filter>
    </ClCompile>
    <ClCompile Include="Source\Core\MainFrm.cpp">
      <Filter>MFC</Filter>
    </ClCompile>
    <ClCompile Include="Source\Core\StdAfx.cpp">
      <Filter>MFC</Filter>
    </ClCompile>
    <ClCompile Include="Source\Game\mygame_initialize.cpp">
      <Filter>MyGame</Filter>
    </ClCompile>
    <ClCompile Include="Source\Game\mygame_over.cpp">
      <Filter>MyGame</Filter>
    </ClCompile>
    <ClCompile Include="Source\Game\mygame_run.cpp">
      <Filter>MyGame</Filter>
    </ClCompile>
    <ClCompile Include="Source\Game\Raiden\Background\Background.cpp">
      <Filter>MyGame\Raiden\Background</Filter>
    </ClCompile>
    <ClCompile Include="Source\Game\Raiden\BossBrazil\BossBrazil.cpp">
      <Filter>MyGame\Raiden\BossBrazil</Filter>
    </ClCompile>
    <ClCompile Include="Source\Game\Raiden\BossJapan\BossJapan.cpp">
      <Filter>MyGame\Raiden\BossJapan</Filter>
    </ClCompile>
    <ClCompile Include="Source\Game\Raiden\BossUSA\BossUSA.cpp">
      <Filter>MyGame\Raiden\BossUSA</Filter>
    </ClCompile>
    <ClCompile Include="Source\Game\Raiden\Fighter\Fighter.cpp">
      <Filter>MyGame\Raiden\Fighter</Filter>
    </ClCompile>
    <ClCompile Include="Source\Game\Raiden\StatusPanel\StatusPanel.cpp">
      <Filter>MyGame\Raiden\StatusPanel</Filter>
    </ClCompile>
    <ClCompile Include="Source\Game\Raiden\StageUSA\StageUSA.cpp">
      <Filter>MyGame\Raiden\StageUSA</Filter>
    </ClCompile>
    <ClCompile Include="Source\Game\Raiden\StageJapan\StageJapan.cpp">
      <Filter>MyGame\Raiden\StageJapan</Filter>
    </ClCompile>
    <ClCompile Include="Source\Game\Raiden\StageBrazil\StageBrazil.cpp">
      <Filter>MyGame\Raiden\StageBrazil</Filter>
    </ClCompile>
    <ClCompile Include="Source\Game\Raiden\Stage\Stage.cpp">
      <Filter>MyGame\Raiden\Stage</Filter>
    </ClCompile>
    <ClCompile Include="Source\Game\Raiden\Player\Player.cpp">
      <Filter>MyGame\Raiden\Player</Filter>
    </ClCompile>
    <ClCompile Include="Source\Game\Raiden\StageManager\StageManager.cpp">
      <Filter>MyGame\Raiden\StageManager</Filter>
    </ClCompile>
    <ClCompile Include="Source\Game\Raiden\Boss\Boss.cpp">
      <Filter>MyGame\Raiden\Boss</Filter>
    </ClCompile>
    <ClCompile Include="Source\Game\Raiden\TextGraphics\TextGraphics.cpp">
      <Filter>MyGame\Raiden\TextGraphics</Filter>
    </ClCompile>
    <ClCompile Include="Source\Game\Raiden\CollisionBox\CollisionBox.cpp">
      <Filter>MyGame\Raiden\CollisionBox</Filter>
    </ClCompile>
    <ClCompile Include="Source\Game\Raiden\GameObjectPool\GameObjectPool.cpp">
      <Filter>MyGame\Raiden\GameObjectPool</Filter>
    </ClCompile>
    <ClCompile Include="Source\Game\Raiden\Bullet\Bullet.cpp">
      <Filter>MyGame\Raiden\Bullet</Filter>
    </ClCompile>
    <ClCompile Include="Source\Game\Raiden\Xml\tinyxml2.cpp">
      <Filter>MyGame\Raiden\Xml</Filter>
    </ClCompile>
    <ClCompile Include="Source\Game\Raiden\Xml\XmlReader.cpp">
      <Filter>MyGame\Raiden\Xml</Filter>
    </ClCompile>
    <ClCompile Include="Source\Game\Raiden\Collidable\Collidable.cpp">
      <Filter>MyGame\Raiden\Collidable</Filter>
    </ClCompile>
    <ClCompile Include="Source\Game\Raiden\RunningState\RunningState.cpp">
      <Filter>MyGame\Raiden\RunningState</Filter>
    </ClCompile>
    <ClCompile Include="Source\Game\Raiden\SelectControlState\SelectControlState.cpp">
      <Filter>MyGame\Raiden\SelectControlState</Filter>
    </ClCompile>
    <ClCompile Include="Source\Game\Raiden\StateManager\StateManager.cpp">
      <Filter>MyGame\Raiden\StateManager</Filter>
    </ClCompile>
  </ItemGroup>
  <ItemGroup>
    <ClInclude Include="Source\Library\audio.h">
      <Filter>GameLibrary</Filter>
    </ClInclude>
    <ClInclude Include="Source\Library\gamecore.h">
      <Filter>GameLibrary</Filter>
    </ClInclude>
    <ClInclude Include="Source\Library\gameutil.h">
      <Filter>GameLibrary</Filter>
    </ClInclude>
    <ClInclude Include="Source\Core\Game.h">
      <Filter>MFC</Filter>
    </ClInclude>
    <ClInclude Include="Source\Core\gameDoc.h">
      <Filter>MFC</Filter>
    </ClInclude>
    <ClInclude Include="Source\Core\gameView.h">
      <Filter>MFC</Filter>
    </ClInclude>
    <ClInclude Include="Source\Core\MainFrm.h">
      <Filter>MFC</Filter>
    </ClInclude>
    <ClInclude Include="Source\Core\Resource.h">
      <Filter>MFC</Filter>
    </ClInclude>
    <ClInclude Include="Source\Core\StdAfx.h">
      <Filter>MFC</Filter>
    </ClInclude>
    <ClInclude Include="Source\Game\mygame.h">
      <Filter>MyGame</Filter>
    </ClInclude>
    <ClInclude Include="Source\Game\config.h">
      <Filter>MyGame</Filter>
    </ClInclude>
    <ClInclude Include="Source\Game\Raiden\Background\Background.h">
      <Filter>MyGame\Raiden\Background</Filter>
    </ClInclude>
    <ClInclude Include="Source\Game\Raiden\BossBrazil\BossBrazil.h">
      <Filter>MyGame\Raiden\BossBrazil</Filter>
    </ClInclude>
    <ClInclude Include="Source\Game\Raiden\BossJapan\BossJapan.h">
      <Filter>MyGame\Raiden\BossJapan</Filter>
    </ClInclude>
    <ClInclude Include="Source\Game\Raiden\BossUSA\BossUSA.h">
      <Filter>MyGame\Raiden\BossUSA</Filter>
    </ClInclude>
    <ClInclude Include="Source\Game\Raiden\Fighter\Fighter.h">
      <Filter>MyGame\Raiden\Fighter</Filter>
    </ClInclude>
    <ClInclude Include="Source\Game\Raiden\StatusPanel\StatusPanel.h">
      <Filter>MyGame\Raiden\StatusPanel</Filter>
    </ClInclude>
    <ClInclude Include="Source\Game\Raiden\StageUSA\StageUSA.h">
      <Filter>MyGame\Raiden\StageUSA</Filter>
    </ClInclude>
    <ClInclude Include="Source\Game\Raiden\StageJapan\StageJapan.h">
      <Filter>MyGame\Raiden\StageJapan</Filter>
    </ClInclude>
    <ClInclude Include="Source\Game\Raiden\StageBrazil\StageBrazil.h">
      <Filter>MyGame\Raiden\StageBrazil</Filter>
    </ClInclude>
    <ClInclude Include="Source\Game\Raiden\Stage\Stage.h">
      <Filter>MyGame\Raiden\Stage</Filter>
    </ClInclude>
    <ClInclude Include="Source\Game\Raiden\Player\Player.h">
      <Filter>MyGame\Raiden\Player</Filter>
    </ClInclude>
    <ClInclude Include="Source\Game\Raiden\Key\Key.h">
      <Filter>MyGame\Raiden\Key</Filter>
    </ClInclude>
    <ClInclude Include="Source\Game\Raiden\Boss\Boss.h">
      <Filter>MyGame\Raiden\Boss</Filter>
    </ClInclude>
    <ClInclude Include="Source\Game\Raiden\StageManager\StageManager.h">
      <Filter>MyGame\Raiden\StageManager</Filter>
    </ClInclude>
    <ClInclude Include="Source\Game\Raiden\TextGraphics\TextGraphics.h">
      <Filter>MyGame\Raiden\TextGraphics</Filter>
    </ClInclude>
    <ClInclude Include="Source\Game\Raiden\CollisionBox\CollisionBox.h">
      <Filter>MyGame\Raiden\CollisionBox</Filter>
    </ClInclude>
    <ClInclude Include="Source\Game\Raiden\GameObjectPool\GameObjectPool.h">
      <Filter>MyGame\Raiden\GameObjectPool</Filter>
    </ClInclude>
    <ClInclude Include="Source\Game\Raiden\Bullet\Bullet.h">
      <Filter>MyGame\Raiden\Bullet</Filter>
    </ClInclude>
    <ClInclude Include="Source\Game\Raiden\Xml\tinyxml2.h">
      <Filter>MyGame\Raiden\Xml</Filter>
    </ClInclude>
    <ClInclude Include="Source\Game\Raiden\Xml\XmlReader.h">
      <Filter>MyGame\Raiden\Xml</Filter>
    </ClInclude>
    <ClInclude Include="Source\Game\Raiden\Collidable\Collidable.h">
      <Filter>MyGame\Raiden\Collidable</Filter>
    </ClInclude>
    <ClInclude Include="Source\Game\Raiden\Control\Control.h">
      <Filter>MyGame\Raiden\Control</Filter>
    </ClInclude>
    <ClInclude Include="Source\Game\Raiden\State\State.h">
      <Filter>MyGame\Raiden\State</Filter>
    </ClInclude>
    <ClInclude Include="Source\Game\Raiden\RunningState\RunningState.h">
      <Filter>MyGame\Raiden\RunningState</Filter>
    </ClInclude>
    <ClInclude Include="Source\Game\Raiden\SelectControlState\SelectControlState.h">
      <Filter>MyGame\Raiden\SelectControlState</Filter>
    </ClInclude>
    <ClInclude Include="Source\Game\Raiden\StateManager\StateManager.h">
      <Filter>MyGame\Raiden\StateManager</Filter>
    </ClInclude>
  </ItemGroup>
  <ItemGroup>
    <ResourceCompile Include="Source\Core\game.rc">
      <Filter>MFC</Filter>
    </ResourceCompile>
  </ItemGroup>
  <ItemGroup>
    <Xml Include="Resources\GameSetting.xml">
      <Filter>Resource Files</Filter>
    </Xml>
  </ItemGroup>
</Project>